<?xml version="1.0" encoding="utf-8"?>
<Project ToolsVersion="4.0" xmlns="http://schemas.microsoft.com/developer/msbuild/2003">
  <ItemGroup>
    <Filter Include="Source Files">
      <UniqueIdentifier>{4FC737F1-C7A5-4376-A066-2A32D752A2FF}</UniqueIdentifier>
      <Extensions>cpp;c;cc;cxx;c++;cppm;ixx;def;odl;idl;hpj;bat;asm;asmx</Extensions>
    </Filter>
    <Filter Include="Header Files">
      <UniqueIdentifier>{93995380-89BD-4b04-88EB-625FBE52EBFB}</UniqueIdentifier>
      <Extensions>h;hh;hpp;hxx;h++;hm;inl;inc;ipp;xsd</Extensions>
    </Filter>
    <Filter Include="Resource Files">
      <UniqueIdentifier>{67DA6AB6-F800-4c08-8B7A-83BB121AAD01}</UniqueIdentifier>
      <Extensions>rc;ico;cur;bmp;dlg;rc2;rct;bin;rgs;gif;jpg;jpeg;jpe;resx;tiff;tif;png;wav;mfcribbon-ms</Extensions>
    </Filter>
  </ItemGroup>
  <ItemGroup>
    <ClInclude Include="pch.h">
      <Filter>Header Files</Filter>
    </ClInclude>
    <ClInclude Include="Header\Math\Ray.h">
      <Filter>Header Files</Filter>
    </ClInclude>
    <ClInclude Include="Header\Math\Rotation.h">
      <Filter>Header Files</Filter>
    </ClInclude>
    <ClInclude Include="Header\Math\Vec3f.h">
      <Filter>Header Files</Filter>
    </ClInclude>
    <ClInclude Include="Header\Scene\Camera\Camera.h">
      <Filter>Header Files</Filter>
    </ClInclude>
    <ClInclude Include="Header\Scene\Light\Light.h">
      <Filter>Header Files</Filter>
    </ClInclude>
    <ClInclude Include="Header\Scene\Shape\Object.h">
      <Filter>Header Files</Filter>
    </ClInclude>
    <ClInclude Include="Header\Scene\Shape\Traced\Plane.h">
      <Filter>Header Files</Filter>
    </ClInclude>
    <ClInclude Include="Header\Scene\Shape\Traced\Sphere.h">
      <Filter>Header Files</Filter>
    </ClInclude>
    <ClInclude Include="Header\Scene\Sky\Sky.h">
      <Filter>Header Files</Filter>
    </ClInclude>
    <ClInclude Include="Header\Scene\Sky\SkyBox.h">
      <Filter>Header Files</Filter>
    </ClInclude>
    <ClInclude Include="Header\Scene\Sky\SolidColorSky.h">
      <Filter>Header Files</Filter>
    </ClInclude>
    <ClInclude Include="Header\Scene\Surface\Flat\CheckedFlatSurface.h">
      <Filter>Header Files</Filter>
    </ClInclude>
    <ClInclude Include="Header\Scene\Surface\Flat\FlatSurface.h">
      <Filter>Header Files</Filter>
    </ClInclude>
    <ClInclude Include="Header\Scene\Surface\Flat\RotatedFlatSurface.h">
      <Filter>Header Files</Filter>
    </ClInclude>
    <ClInclude Include="Header\Scene\Surface\Flat\SolidFlatSurface.h">
      <Filter>Header Files</Filter>
    </ClInclude>
    <ClInclude Include="Header\Scene\Surface\Uv\SolidUvSurface.h">
      <Filter>Header Files</Filter>
    </ClInclude>
    <ClInclude Include="Header\Scene\Surface\Uv\TexturedUvSurface.h">
      <Filter>Header Files</Filter>
    </ClInclude>
    <ClInclude Include="Header\Scene\Surface\Uv\UvSurface.h">
      <Filter>Header Files</Filter>
    </ClInclude>
    <ClInclude Include="Header\Scene\Surface\SurfaceIntersection.h">
      <Filter>Header Files</Filter>
    </ClInclude>
    <ClInclude Include="Header\Scene\Surface\SurfaceResult.h">
      <Filter>Header Files</Filter>
    </ClInclude>
    <ClInclude Include="Header\Scene\Scene.h">
      <Filter>Header Files</Filter>
    </ClInclude>
    <ClInclude Include="Header\External\stb_image.h">
      <Filter>Header Files</Filter>
    </ClInclude>
    <ClInclude Include="Header\Renderer\Renderer.h">
      <Filter>Header Files</Filter>
    </ClInclude>
    <ClInclude Include="Header\Renderer\ThreadInfo.h">
      <Filter>Header Files</Filter>
    </ClInclude>
    <ClInclude Include="Header\Scene\Surface\Uv\GeneratedSquareUvSurface.h">
      <Filter>Header Files</Filter>
    </ClInclude>
    <ClInclude Include="Header\Scene\Shape\Traced\Cylinder.h">
      <Filter>Header Files</Filter>
    </ClInclude>
    <ClInclude Include="Header\Math\Vec2f.h">
      <Filter>Header Files</Filter>
    </ClInclude>
    <ClInclude Include="Header\Utilities\ImageBuffer\StbImageBuffer.h">
      <Filter>Header Files</Filter>
    </ClInclude>
    <ClInclude Include="Header\Utilities\ImageBuffer\ImageBuffer.h">
      <Filter>Header Files</Filter>
    </ClInclude>
    <ClInclude Include="Header\Utilities\ImageBuffer\GlfwImageBuffer.h">
      <Filter>Header Files</Filter>
    </ClInclude>
    <ClInclude Include="Header\Utilities\ImageBuffer\ScaledImageBuffer.h">
      <Filter>Header Files</Filter>
    </ClInclude>
    <ClInclude Include="Header\Utilities\ImageBuffer\SegmentedImageBuffer.h">
      <Filter>Header Files</Filter>
    </ClInclude>
    <ClInclude Include="Header\Serializer\ItemSerializer.h">
      <Filter>Header Files</Filter>
    </ClInclude>
    <ClInclude Include="Header\External\json.hpp">
      <Filter>Header Files</Filter>
    </ClInclude>
    <ClInclude Include="Header\Serializer\SerializerCatalog.h">
      <Filter>Header Files</Filter>
    </ClInclude>
    <ClInclude Include="Header\Serializer\Math\Vec3fSerializer.h">
      <Filter>Header Files</Filter>
    </ClInclude>
    <ClInclude Include="Header\Serializer\Math\Vec2fSerializer.h">
      <Filter>Header Files</Filter>
    </ClInclude>
    <ClInclude Include="Header\Serializer\Math\RotationSerializer.h">
      <Filter>Header Files</Filter>
    </ClInclude>
    <ClInclude Include="Header\Serializer\Scene\Camera\PerspectiveCameraSerializer.h">
      <Filter>Header Files</Filter>
    </ClInclude>
    <ClInclude Include="Header\Serializer\Scene\Sky\SolidColorSkySerializer.h">
      <Filter>Header Files</Filter>
    </ClInclude>
    <ClInclude Include="Header\Serializer\Scene\Sky\SkyBoxSerializer.h">
      <Filter>Header Files</Filter>
    </ClInclude>
    <ClInclude Include="Header\Serializer\Scene\Light\PointLightSerializer.h">
      <Filter>Header Files</Filter>
    </ClInclude>
    <ClInclude Include="Header\Serializer\Scene\Surface\SurfaceResultSerializer.h">
      <Filter>Header Files</Filter>
    </ClInclude>
    <ClInclude Include="Header\Serializer\Scene\Surface\Flat\SolidFlatSurfaceSerializer.h">
      <Filter>Header Files</Filter>
    </ClInclude>
    <ClInclude Include="Header\Serializer\Scene\Surface\Flat\CheckedFlatSurfaceSerializer.h">
      <Filter>Header Files</Filter>
    </ClInclude>
    <ClInclude Include="Header\Serializer\Scene\Surface\Flat\RotatedFlatSurfaceSerializer.h">
      <Filter>Header Files</Filter>
    </ClInclude>
    <ClInclude Include="Header\Serializer\SerializerId.h">
      <Filter>Header Files</Filter>
    </ClInclude>
    <ClInclude Include="Header\Serializer\Scene\Surface\Uv\SolidUvSurfaceSerializer.h">
      <Filter>Header Files</Filter>
    </ClInclude>
    <ClInclude Include="Header\Serializer\Scene\Surface\Uv\GeneratedSquareUvSurfaceSerializer.h">
      <Filter>Header Files</Filter>
    </ClInclude>
    <ClInclude Include="Header\Serializer\Scene\Surface\Uv\TexturedUvSurfaceSerializer.h">
      <Filter>Header Files</Filter>
    </ClInclude>
    <ClInclude Include="Header\Serializer\KeyedItemSerializer.h">
      <Filter>Header Files</Filter>
    </ClInclude>
    <ClInclude Include="Header\Serializer\Scene\Shape\Traced\SphereSerializer.h">
      <Filter>Header Files</Filter>
    </ClInclude>
    <ClInclude Include="Header\Serializer\Scene\Shape\Traced\PlaneSerializer.h">
      <Filter>Header Files</Filter>
    </ClInclude>
    <ClInclude Include="Header\Serializer\Scene\Shape\Traced\CylinderSerializer.h">
      <Filter>Header Files</Filter>
    </ClInclude>
    <ClInclude Include="Header\Serializer\Scene\SceneSerializer.h">
      <Filter>Header Files</Filter>
    </ClInclude>
    <ClInclude Include="framework.h">
      <Filter>Header Files</Filter>
    </ClInclude>
    <ClInclude Include="Header\Utilities\Reference.h">
      <Filter>Header Files</Filter>
    </ClInclude>
    <ClInclude Include="Header\Scene\Light\PointLight.h">
      <Filter>Header Files</Filter>
    </ClInclude>
    <ClInclude Include="Header\Scene\Light\DirectionalLight.h">
      <Filter>Header Files</Filter>
    </ClInclude>
    <ClInclude Include="Header\Serializer\Scene\Light\DirectionalLightSerializer.h">
      <Filter>Header Files</Filter>
    </ClInclude>
    <ClInclude Include="Header\Scene\Camera\PerspectiveCamera.h">
      <Filter>Header Files</Filter>
    </ClInclude>
    <ClInclude Include="Header\Scene\Camera\ParallelCamera.h">
      <Filter>Header Files</Filter>
    </ClInclude>
    <ClInclude Include="Header\Serializer\Scene\Camera\ParallelCameraSerializer.h">
      <Filter>Header Files</Filter>
    </ClInclude>
    <ClInclude Include="Header\Scene\Fog\Formula\CallStack.h">
      <Filter>Header Files</Filter>
    </ClInclude>
    <ClInclude Include="Header\Scene\Fog\Formula\FormulaParser.h">
      <Filter>Header Files</Filter>
    </ClInclude>
    <ClInclude Include="Header\Scene\Fog\Formula\FormulaFog.h">
      <Filter>Header Files</Filter>
    </ClInclude>
    <ClInclude Include="Header\Scene\Fog\Fog.h">
      <Filter>Header Files</Filter>
    </ClInclude>
    <ClInclude Include="Header\Serializer\Scene\Fog\FormulaFogSerializer.h">
      <Filter>Header Files</Filter>
    </ClInclude>
    <ClInclude Include="Header\Scene\Surface\Flat\LineFlatSurface.h">
      <Filter>Header Files</Filter>
    </ClInclude>
    <ClInclude Include="Header\Serializer\Scene\Surface\Flat\LineFlatSurfaceSerializer.h">
      <Filter>Header Files</Filter>
    </ClInclude>
    <ClInclude Include="Header\Math\MathUtilities.h">
      <Filter>Header Files</Filter>
    </ClInclude>
    <ClInclude Include="Header\Scene\Surface\Uv\CheckedUvSurface.h">
      <Filter>Header Files</Filter>
    </ClInclude>
    <ClInclude Include="Header\Serializer\Scene\Surface\Uv\CheckedUvSurfaceSerializer.h">
      <Filter>Header Files</Filter>
    </ClInclude>
    <ClInclude Include="Header\Scene\Shape\Traced\TriangleMesh.h">
      <Filter>Header Files</Filter>
    </ClInclude>
    <ClInclude Include="Header\Serializer\Scene\Shape\Traced\TriangleMeshSerializer.h">
      <Filter>Header Files</Filter>
    </ClInclude>
    <ClInclude Include="Header\Renderer\RenderSettings.h">
      <Filter>Header Files</Filter>
    </ClInclude>
    <ClInclude Include="Header\Scene\Shape\Traced\Box.h">
      <Filter>Header Files</Filter>
    </ClInclude>
    <ClInclude Include="Header\Serializer\Scene\Shape\Traced\BoxSerializer.h">
      <Filter>Header Files</Filter>
    </ClInclude>
    <ClInclude Include="Header\Scene\Shape\Set\SetDifferenceObject.h">
      <Filter>Header Files</Filter>
    </ClInclude>
    <ClInclude Include="Header\Serializer\Scene\Shape\Set\SetDifferenceObjectSerializer.h">
      <Filter>Header Files</Filter>
    </ClInclude>
    <ClInclude Include="Header\Scene\Shape\Set\UnionObject.h">
      <Filter>Header Files</Filter>
    </ClInclude>
    <ClInclude Include="Header\Serializer\Scene\Shape\Set\UnionObjectSerializer.h">
      <Filter>Header Files</Filter>
    </ClInclude>
    <ClInclude Include="Header\Scene\Shape\Composite\TransformableObject.h">
      <Filter>Header Files</Filter>
    </ClInclude>
    <ClInclude Include="Header\Serializer\Scene\Shape\Composite\TransformableobjectSerializer.h">
      <Filter>Header Files</Filter>
    </ClInclude>
    <ClInclude Include="Header\Scene\Shape\Traced\FlatPolygon.h">
      <Filter>Header Files</Filter>
    </ClInclude>
    <ClInclude Include="Header\Serializer\Scene\Shape\Traced\FlatPolygonSerializer.h">
      <Filter>Header Files</Filter>
    </ClInclude>
    <ClInclude Include="Header\Scene\Shape\Traced\CustomPlaneMesh.h">
      <Filter>Header Files</Filter>
    </ClInclude>
    <ClInclude Include="Header\Scene\Shape\Traced\Prism.h">
      <Filter>Header Files</Filter>
    </ClInclude>
    <ClInclude Include="Header\Serializer\Scene\Shape\Traced\PrismSerializer.h">
      <Filter>Header Files</Filter>
    </ClInclude>
    <ClInclude Include="Header\Scene\Shape\Traced\Pyramid.h">
      <Filter>Header Files</Filter>
    </ClInclude>
    <ClInclude Include="Header\Serializer\Scene\Shape\Traced\PyramidSerializer.h">
      <Filter>Header Files</Filter>
    </ClInclude>
    <ClInclude Include="Header\Scene\Shape\Marched\Torus.h">
      <Filter>Header Files</Filter>
    </ClInclude>
    <ClInclude Include="Header\Serializer\Scene\Shape\Marched\TorusSerializer.h">
      <Filter>Header Files</Filter>
    </ClInclude>
    <ClInclude Include="Header\Scene\Shape\Marched\MarchedObject.h">
      <Filter>Header Files</Filter>
    </ClInclude>
    <ClInclude Include="Header\Scene\Shape\Marched\Composite\RepeatedMarchedObject.h">
      <Filter>Header Files</Filter>
    </ClInclude>
    <ClInclude Include="Header\Serializer\Scene\Shape\Marched\Composite\RepeatedMarchedObjectSerializer.h">
      <Filter>Header Files</Filter>
    </ClInclude>
    <ClInclude Include="Header\Scene\Shape\Marched\MarchedSphere.h">
      <Filter>Header Files</Filter>
    </ClInclude>
    <ClInclude Include="Header\Serializer\Scene\Shape\Marched\MarchedSphereSerializer.h">
      <Filter>Header Files</Filter>
    </ClInclude>
    <ClInclude Include="Header\Scene\Shape\Traced\Cone.h">
      <Filter>Header Files</Filter>
    </ClInclude>
    <ClInclude Include="Header\Serializer\Scene\Shape\Traced\ConeSerializer.h">
      <Filter>Header Files</Filter>
    </ClInclude>
    <ClInclude Include="Header\Scene\Shape\Marched\MarchedCone.h">
      <Filter>Header Files</Filter>
    </ClInclude>
    <ClInclude Include="Header\Serializer\Scene\Shape\Marched\MarchedConeSerializer.h">
      <Filter>Header Files</Filter>
    </ClInclude>
    <ClInclude Include="Header\Scene\Shape\Marched\MarchedCylinder.h">
      <Filter>Header Files</Filter>
    </ClInclude>
    <ClInclude Include="Header\Serializer\Scene\Shape\Marched\MarchedCylinderSerializer.h">
      <Filter>Header Files</Filter>
    </ClInclude>
  </ItemGroup>
  <ItemGroup>
    <ClCompile Include="pch.cpp">
      <Filter>Source Files</Filter>
    </ClCompile>
    <ClCompile Include="Source\Math\Ray.cpp">
      <Filter>Source Files</Filter>
    </ClCompile>
    <ClCompile Include="Source\Math\Rotation.cpp">
      <Filter>Source Files</Filter>
    </ClCompile>
    <ClCompile Include="Source\Scene\Camera\Camera.cpp">
      <Filter>Source Files</Filter>
    </ClCompile>
    <ClCompile Include="Source\Scene\Light\Light.cpp">
      <Filter>Source Files</Filter>
    </ClCompile>
    <ClCompile Include="Source\Scene\Shape\Object.cpp">
      <Filter>Source Files</Filter>
    </ClCompile>
    <ClCompile Include="Source\Scene\Shape\Traced\Plane.cpp">
      <Filter>Source Files</Filter>
    </ClCompile>
    <ClCompile Include="Source\Scene\Shape\Traced\Sphere.cpp">
      <Filter>Source Files</Filter>
    </ClCompile>
    <ClCompile Include="Source\Scene\Sky\Sky.cpp">
      <Filter>Source Files</Filter>
    </ClCompile>
    <ClCompile Include="Source\Scene\Sky\SkyBox.cpp">
      <Filter>Source Files</Filter>
    </ClCompile>
    <ClCompile Include="Source\Scene\Sky\SolidColorSky.cpp">
      <Filter>Source Files</Filter>
    </ClCompile>
    <ClCompile Include="Source\Scene\Surface\Flat\CheckedFlatSurface.cpp">
      <Filter>Source Files</Filter>
    </ClCompile>
    <ClCompile Include="Source\Scene\Surface\Flat\FlatSurface.cpp">
      <Filter>Source Files</Filter>
    </ClCompile>
    <ClCompile Include="Source\Scene\Surface\Flat\RotatedFlatSurface.cpp">
      <Filter>Source Files</Filter>
    </ClCompile>
    <ClCompile Include="Source\Scene\Surface\Flat\SolidFlatSurface.cpp">
      <Filter>Source Files</Filter>
    </ClCompile>
    <ClCompile Include="Source\Scene\Surface\Uv\SolidUvSurface.cpp">
      <Filter>Source Files</Filter>
    </ClCompile>
    <ClCompile Include="Source\Scene\Surface\Uv\TexturedUvSurface.cpp">
      <Filter>Source Files</Filter>
    </ClCompile>
    <ClCompile Include="Source\Scene\Surface\Uv\UvSurface.cpp">
      <Filter>Source Files</Filter>
    </ClCompile>
    <ClCompile Include="Source\Scene\Surface\SurfaceIntersection.cpp">
      <Filter>Source Files</Filter>
    </ClCompile>
    <ClCompile Include="Source\Scene\Surface\SurfaceResult.cpp">
      <Filter>Source Files</Filter>
    </ClCompile>
    <ClCompile Include="Source\Scene\Scene.cpp">
      <Filter>Source Files</Filter>
    </ClCompile>
    <ClCompile Include="Source\Renderer\Renderer.cpp">
      <Filter>Source Files</Filter>
    </ClCompile>
    <ClCompile Include="Source\Renderer\ThreadInfo.cpp">
      <Filter>Source Files</Filter>
    </ClCompile>
    <ClCompile Include="Source\Scene\Surface\Uv\GeneratedSquareUvSurface.cpp">
      <Filter>Source Files</Filter>
    </ClCompile>
    <ClCompile Include="Source\Scene\Shape\Traced\Clyinder.cpp">
      <Filter>Source Files</Filter>
    </ClCompile>
    <ClCompile Include="Source\Math\Vec2f.cpp">
      <Filter>Source Files</Filter>
    </ClCompile>
    <ClCompile Include="Source\Utilities\ImageBuffer\GlfwImageBuffer.cpp">
      <Filter>Source Files</Filter>
    </ClCompile>
    <ClCompile Include="Source\Utilities\ImageBuffer\ImageBuffer.cpp">
      <Filter>Source Files</Filter>
    </ClCompile>
    <ClCompile Include="Source\Utilities\ImageBuffer\StbImageBuffer.cpp">
      <Filter>Source Files</Filter>
    </ClCompile>
    <ClCompile Include="Source\Utilities\ImageBuffer\ScaledImageBuffer.cpp">
      <Filter>Source Files</Filter>
    </ClCompile>
    <ClCompile Include="Source\Utilities\ImageBuffer\SegmentedImageBuffer.cpp">
      <Filter>Source Files</Filter>
    </ClCompile>
    <ClCompile Include="Source\Serializer\SerializerId.cpp">
      <Filter>Source Files</Filter>
    </ClCompile>
    <ClCompile Include="Source\Math\Vec3f.cpp">
      <Filter>Source Files</Filter>
    </ClCompile>
    <ClCompile Include="Source\Scene\Light\PointLight.cpp">
      <Filter>Source Files</Filter>
    </ClCompile>
    <ClCompile Include="Source\Scene\Light\DirectionalLight.cpp">
      <Filter>Source Files</Filter>
    </ClCompile>
    <ClCompile Include="Source\Scene\Camera\PerspectiveCamera.cpp">
      <Filter>Source Files</Filter>
    </ClCompile>
    <ClCompile Include="Source\Scene\Camera\ParallelCamera.cpp">
      <Filter>Source Files</Filter>
    </ClCompile>
    <ClCompile Include="Source\Scene\Fog\Formula\FormulaFog.cpp">
      <Filter>Source Files</Filter>
    </ClCompile>
    <ClCompile Include="Source\Scene\Fog\Fog.cpp">
      <Filter>Source Files</Filter>
    </ClCompile>
    <ClCompile Include="Source\Scene\Surface\Flat\LineFlatSurface.cpp">
      <Filter>Source Files</Filter>
    </ClCompile>
    <ClCompile Include="Source\Scene\Surface\Uv\CheckedUvSurface.cpp">
      <Filter>Source Files</Filter>
    </ClCompile>
    <ClCompile Include="Source\Scene\Shape\Traced\TriangleMesh.cpp">
      <Filter>Source Files</Filter>
    </ClCompile>
    <ClCompile Include="Source\Scene\Shape\Traced\Box.cpp">
      <Filter>Source Files</Filter>
    </ClCompile>
    <ClCompile Include="Source\Scene\Shape\Set\SetDifferenceObject.cpp">
      <Filter>Source Files</Filter>
    </ClCompile>
    <ClCompile Include="Source\Scene\Shape\Set\UnionObject.cpp">
      <Filter>Source Files</Filter>
    </ClCompile>
    <ClCompile Include="Source\Scene\Shape\Composite\TransformableObject.cpp">
      <Filter>Source Files</Filter>
    </ClCompile>
    <ClCompile Include="Source\Scene\Shape\Traced\FlatPolygon.cpp">
      <Filter>Source Files</Filter>
    </ClCompile>
    <ClCompile Include="Source\Scene\Shape\Traced\CustomPlaneMesh.cpp">
      <Filter>Source Files</Filter>
    </ClCompile>
    <ClCompile Include="Source\Scene\Shape\Traced\Prism.cpp">
      <Filter>Source Files</Filter>
    </ClCompile>
    <ClCompile Include="Source\Scene\Shape\Traced\Pyramid.cpp">
      <Filter>Source Files</Filter>
    </ClCompile>
    <ClCompile Include="Source\Scene\Shape\Marched\Torus.cpp">
      <Filter>Source Files</Filter>
    </ClCompile>
    <ClCompile Include="Source\Scene\Shape\Marched\MarchedObject.cpp">
      <Filter>Source Files</Filter>
    </ClCompile>
    <ClCompile Include="Source\Scene\Shape\Marched\Composite\RepeatedMarchedObject.cpp">
      <Filter>Source Files</Filter>
    </ClCompile>
    <ClCompile Include="Source\Scene\Shape\Marched\MarchedSphere.cpp">
      <Filter>Source Files</Filter>
    </ClCompile>
    <ClCompile Include="Source\Scene\Shape\Traced\Cone.cpp">
      <Filter>Source Files</Filter>
    </ClCompile>
    <ClCompile Include="Source\Scene\Shape\Marched\MarchedCone.cpp">
      <Filter>Source Files</Filter>
    </ClCompile>
    <ClCompile Include="Source\Scene\Shape\Marched\MarchedCylinder.cpp">
      <Filter>Source Files</Filter>
    </ClCompile>
  </ItemGroup>
</Project>